
Microsoft Visual Studio Solution File, Format Version 12.00
# Visual Studio Version 17
VisualStudioVersion = 17.13.35913.81
MinimumVisualStudioVersion = 10.0.40219.1
Project("{FAE04EC0-301F-11D3-BF4B-00C04F79EFBC}") = "VoiceChatSharp", "VoiceChatSharp\VoiceChatSharp.csproj", "{85458D27-3A68-47C8-ADEA-241E59E962FF}"
EndProject
Project("{FAE04EC0-301F-11D3-BF4B-00C04F79EFBC}") = "VoiceChatSharp.TestingClient", "VoiceChatSharp.TestingClient\VoiceChatSharp.TestingClient.csproj", "{9D54E402-39E9-A61E-D04B-B4DF6DCCE570}"
EndProject
Project("{FAE04EC0-301F-11D3-BF4B-00C04F79EFBC}") = "VoiceChatSharp.TestingServer", "VoiceChatSharp.TestingServer\VoiceChatSharp.TestingServer.csproj", "{DA1F0C48-576B-4CDC-55D2-107795A5A607}"
EndProject
Project("{FAE04EC0-301F-11D3-BF4B-00C04F79EFBC}") = "VoiceChatSharp.DefaultImplementation", "VoiceChatSharp.DefaultImplementation\VoiceChatSharp.DefaultImplementation.csproj", "{6BAAD899-A4B8-4EB7-B66A-92B8C7E861E5}"
EndProject
Project("{FAE04EC0-301F-11D3-BF4B-00C04F79EFBC}") = "VoiceChatSharp.TestingDefaultVoiceChat", "VoiceChatSharp.TestingDefaultVoiceChat\VoiceChatSharp.TestingDefaultVoiceChat.csproj", "{94F26757-720F-9C5E-C31E-AAE2A29E2F07}"
EndProject
Project("{FAE04EC0-301F-11D3-BF4B-00C04F79EFBC}") = "VoiceChatSharp.FMODImplementation", "VoiceChatSharp.FMODImplementation\VoiceChatSharp.FMODImplementation.csproj", "{1C3D8EB0-252C-4A0E-CFD7-59B48971AED8}"
EndProject
Project("{FAE04EC0-301F-11D3-BF4B-00C04F79EFBC}") = "VoiceChatSharp.TestingFMODVoiceChat", "VoiceChatSharp.TestingFMODVoiceChat\VoiceChatSharp.TestingFMODVoiceChat.csproj", "{3BFE134D-37B2-676C-FD5F-B34BCA074455}"
EndProject
Global
	GlobalSection(SolutionConfigurationPlatforms) = preSolution
		Debug|Any CPU = Debug|Any CPU
		Release|Any CPU = Release|Any CPU
	EndGlobalSection
	GlobalSection(ProjectConfigurationPlatforms) = postSolution
		{85458D27-3A68-47C8-ADEA-241E59E962FF}.Debug|Any CPU.ActiveCfg = Debug|Any CPU
		{85458D27-3A68-47C8-ADEA-241E59E962FF}.Debug|Any CPU.Build.0 = Debug|Any CPU
		{85458D27-3A68-47C8-ADEA-241E59E962FF}.Release|Any CPU.ActiveCfg = Release|Any CPU
		{85458D27-3A68-47C8-ADEA-241E59E962FF}.Release|Any CPU.Build.0 = Release|Any CPU
		{9D54E402-39E9-A61E-D04B-B4DF6DCCE570}.Debug|Any CPU.ActiveCfg = Debug|Any CPU
		{9D54E402-39E9-A61E-D04B-B4DF6DCCE570}.Debug|Any CPU.Build.0 = Debug|Any CPU
		{9D54E402-39E9-A61E-D04B-B4DF6DCCE570}.Release|Any CPU.ActiveCfg = Release|Any CPU
		{9D54E402-39E9-A61E-D04B-B4DF6DCCE570}.Release|Any CPU.Build.0 = Release|Any CPU
		{DA1F0C48-576B-4CDC-55D2-107795A5A607}.Debug|Any CPU.ActiveCfg = Debug|Any CPU
		{DA1F0C48-576B-4CDC-55D2-107795A5A607}.Debug|Any CPU.Build.0 = Debug|Any CPU
		{DA1F0C48-576B-4CDC-55D2-107795A5A607}.Release|Any CPU.ActiveCfg = Release|Any CPU
		{DA1F0C48-576B-4CDC-55D2-107795A5A607}.Release|Any CPU.Build.0 = Release|Any CPU
		{6BAAD899-A4B8-4EB7-B66A-92B8C7E861E5}.Debug|Any CPU.ActiveCfg = Debug|Any CPU
		{6BAAD899-A4B8-4EB7-B66A-92B8C7E861E5}.Debug|Any CPU.Build.0 = Debug|Any CPU
		{6BAAD899-A4B8-4EB7-B66A-92B8C7E861E5}.Release|Any CPU.ActiveCfg = Release|Any CPU
		{6BAAD899-A4B8-4EB7-B66A-92B8C7E861E5}.Release|Any CPU.Build.0 = Release|Any CPU
		{94F26757-720F-9C5E-C31E-AAE2A29E2F07}.Debug|Any CPU.ActiveCfg = Debug|Any CPU
		{94F26757-720F-9C5E-C31E-AAE2A29E2F07}.Debug|Any CPU.Build.0 = Debug|Any CPU
		{94F26757-720F-9C5E-C31E-AAE2A29E2F07}.Release|Any CPU.ActiveCfg = Release|Any CPU
		{94F26757-720F-9C5E-C31E-AAE2A29E2F07}.Release|Any CPU.Build.0 = Release|Any CPU
		{1C3D8EB0-252C-4A0E-CFD7-59B48971AED8}.Debug|Any CPU.ActiveCfg = Debug|Any CPU
		{1C3D8EB0-252C-4A0E-CFD7-59B48971AED8}.Debug|Any CPU.Build.0 = Debug|Any CPU
		{1C3D8EB0-252C-4A0E-CFD7-59B48971AED8}.Release|Any CPU.ActiveCfg = Release|Any CPU
		{1C3D8EB0-252C-4A0E-CFD7-59B48971AED8}.Release|Any CPU.Build.0 = Release|Any CPU
		{3BFE134D-37B2-676C-FD5F-B34BCA074455}.Debug|Any CPU.ActiveCfg = Debug|Any CPU
		{3BFE134D-37B2-676C-FD5F-B34BCA074455}.Debug|Any CPU.Build.0 = Debug|Any CPU
		{3BFE134D-37B2-676C-FD5F-B34BCA074455}.Release|Any CPU.ActiveCfg = Release|Any CPU
		{3BFE134D-37B2-676C-FD5F-B34BCA074455}.Release|Any CPU.Build.0 = Release|Any CPU
	EndGlobalSection
	GlobalSection(SolutionProperties) = preSolution
		HideSolutionNode = FALSE
	EndGlobalSection
	GlobalSection(ExtensibilityGlobals) = postSolution
		SolutionGuid = {E793BBC4-EAC1-4E4C-9529-F7F65B8E35EC}
	EndGlobalSection
EndGlobal
